// !$*UTF8*$!
{
	archiveVersion = 1;
	classes = {
	};
	objectVersion = 50;
	objects = {

/* Begin PBXBuildFile section */
		CF3ABD0A24B0C2E400E758D6 /* AppDelegate.swift in Sources */ = {isa = PBXBuildFile; fileRef = CF3ABD0924B0C2E400E758D6 /* AppDelegate.swift */; };
		CF3ABD0C24B0C2E400E758D6 /* SceneDelegate.swift in Sources */ = {isa = PBXBuildFile; fileRef = CF3ABD0B24B0C2E400E758D6 /* SceneDelegate.swift */; };
		CF3ABD1124B0C2E400E758D6 /* Main.storyboard in Resources */ = {isa = PBXBuildFile; fileRef = CF3ABD0F24B0C2E400E758D6 /* Main.storyboard */; };
		CF3ABD1324B0C2E600E758D6 /* Assets.xcassets in Resources */ = {isa = PBXBuildFile; fileRef = CF3ABD1224B0C2E600E758D6 /* Assets.xcassets */; };
		CF3ABD1624B0C2E600E758D6 /* LaunchScreen.storyboard in Resources */ = {isa = PBXBuildFile; fileRef = CF3ABD1424B0C2E600E758D6 /* LaunchScreen.storyboard */; };
		CF3ABD2C24B0C36B00E758D6 /* Request.swift in Sources */ = {isa = PBXBuildFile; fileRef = CF3ABD2B24B0C36B00E758D6 /* Request.swift */; };
		CF3ABD2E24B0C54D00E758D6 /* WebService.swift in Sources */ = {isa = PBXBuildFile; fileRef = CF3ABD2D24B0C54D00E758D6 /* WebService.swift */; };
		CF3ABD3024B0C8D700E758D6 /* RequestService.swift in Sources */ = {isa = PBXBuildFile; fileRef = CF3ABD2F24B0C8D700E758D6 /* RequestService.swift */; };
		CF3ABD3324B0D18C00E758D6 /* ImageSearchResponse.swift in Sources */ = {isa = PBXBuildFile; fileRef = CF3ABD3224B0D18C00E758D6 /* ImageSearchResponse.swift */; };
		CF3ABD3624B0D89300E758D6 /* ImageSearchViewModel.swift in Sources */ = {isa = PBXBuildFile; fileRef = CF3ABD3524B0D89300E758D6 /* ImageSearchViewModel.swift */; };
		CF3ABD3824B0D94100E758D6 /* ImageSearchRequest.swift in Sources */ = {isa = PBXBuildFile; fileRef = CF3ABD3724B0D94100E758D6 /* ImageSearchRequest.swift */; };
		CF3ABD3A24B0DFD500E758D6 /* NASARequestServiceTests.swift in Sources */ = {isa = PBXBuildFile; fileRef = CF3ABD3924B0DFD500E758D6 /* NASARequestServiceTests.swift */; };
		CF3ABD3C24B0E07100E758D6 /* DummyWebService.swift in Sources */ = {isa = PBXBuildFile; fileRef = CF3ABD3B24B0E07100E758D6 /* DummyWebService.swift */; };
		CF3ABD3E24B1C95400E758D6 /* DummyRequestService.swift in Sources */ = {isa = PBXBuildFile; fileRef = CF3ABD3D24B1C95400E758D6 /* DummyRequestService.swift */; };
		CF3ABD4024B1CCE800E758D6 /* example.json in Resources */ = {isa = PBXBuildFile; fileRef = CF3ABD3F24B1CCE800E758D6 /* example.json */; };
		CF3ABD4224B1CDA500E758D6 /* ImageSearchViewModelTests.swift in Sources */ = {isa = PBXBuildFile; fileRef = CF3ABD4124B1CDA500E758D6 /* ImageSearchViewModelTests.swift */; };
		CF3ABD4424B1D1D200E758D6 /* SearchResultViewModel.swift in Sources */ = {isa = PBXBuildFile; fileRef = CF3ABD4324B1D1D200E758D6 /* SearchResultViewModel.swift */; };
		CF3ABD4724B1DE7600E758D6 /* SearchViewController.swift in Sources */ = {isa = PBXBuildFile; fileRef = CF3ABD4624B1DE7600E758D6 /* SearchViewController.swift */; };
		CF3ABD4E24B1E0A800E758D6 /* SearchResultTableViewCell.swift in Sources */ = {isa = PBXBuildFile; fileRef = CF3ABD4C24B1E0A800E758D6 /* SearchResultTableViewCell.swift */; };
		CF3ABD4F24B1E0A800E758D6 /* SearchResultTableViewCell.xib in Resources */ = {isa = PBXBuildFile; fileRef = CF3ABD4D24B1E0A800E758D6 /* SearchResultTableViewCell.xib */; };
		CF3ABD5224B201CF00E758D6 /* ImageService.swift in Sources */ = {isa = PBXBuildFile; fileRef = CF3ABD5124B201CF00E758D6 /* ImageService.swift */; };
		CF3ABD5424B2030D00E758D6 /* WebImageServiceTests.swift in Sources */ = {isa = PBXBuildFile; fileRef = CF3ABD5324B2030D00E758D6 /* WebImageServiceTests.swift */; };
		CF3ABD5624B2069100E758D6 /* icons8-thick-arrow-pointing-down-30.png in Resources */ = {isa = PBXBuildFile; fileRef = CF3ABD5524B2069100E758D6 /* icons8-thick-arrow-pointing-down-30.png */; };
		CF3ABD5924B2158100E758D6 /* NoResultsTableViewCell.swift in Sources */ = {isa = PBXBuildFile; fileRef = CF3ABD5724B2158100E758D6 /* NoResultsTableViewCell.swift */; };
		CF3ABD5A24B2158100E758D6 /* NoResultsTableViewCell.xib in Resources */ = {isa = PBXBuildFile; fileRef = CF3ABD5824B2158100E758D6 /* NoResultsTableViewCell.xib */; };
		CF3ABD5C24B2172100E758D6 /* ServiceFactory.swift in Sources */ = {isa = PBXBuildFile; fileRef = CF3ABD5B24B2172100E758D6 /* ServiceFactory.swift */; };
		CF3ABD5E24B21E8700E758D6 /* UITableViewCell+identifiers.swift in Sources */ = {isa = PBXBuildFile; fileRef = CF3ABD5D24B21E8700E758D6 /* UITableViewCell+identifiers.swift */; };
		CF3ABD6024B232E700E758D6 /* SearchResultsPersistenceManager.swift in Sources */ = {isa = PBXBuildFile; fileRef = CF3ABD5F24B232E700E758D6 /* SearchResultsPersistenceManager.swift */; };
/* End PBXBuildFile section */

/* Begin PBXContainerItemProxy section */
		CF3ABD1D24B0C2E600E758D6 /* PBXContainerItemProxy */ = {
			isa = PBXContainerItemProxy;
			containerPortal = CF3ABCFE24B0C2E400E758D6 /* Project object */;
			proxyType = 1;
			remoteGlobalIDString = CF3ABD0524B0C2E400E758D6;
			remoteInfo = "DataSwift-API-Test";
		};
/* End PBXContainerItemProxy section */

/* Begin PBXFileReference section */
		CF3ABD0624B0C2E400E758D6 /* DataSwift-API-Test.app */ = {isa = PBXFileReference; explicitFileType = wrapper.application; includeInIndex = 0; path = "DataSwift-API-Test.app"; sourceTree = BUILT_PRODUCTS_DIR; };
		CF3ABD0924B0C2E400E758D6 /* AppDelegate.swift */ = {isa = PBXFileReference; lastKnownFileType = sourcecode.swift; path = AppDelegate.swift; sourceTree = "<group>"; };
		CF3ABD0B24B0C2E400E758D6 /* SceneDelegate.swift */ = {isa = PBXFileReference; lastKnownFileType = sourcecode.swift; path = SceneDelegate.swift; sourceTree = "<group>"; };
		CF3ABD1024B0C2E400E758D6 /* Base */ = {isa = PBXFileReference; lastKnownFileType = file.storyboard; name = Base; path = Base.lproj/Main.storyboard; sourceTree = "<group>"; };
		CF3ABD1224B0C2E600E758D6 /* Assets.xcassets */ = {isa = PBXFileReference; lastKnownFileType = folder.assetcatalog; path = Assets.xcassets; sourceTree = "<group>"; };
		CF3ABD1524B0C2E600E758D6 /* Base */ = {isa = PBXFileReference; lastKnownFileType = file.storyboard; name = Base; path = Base.lproj/LaunchScreen.storyboard; sourceTree = "<group>"; };
		CF3ABD1724B0C2E600E758D6 /* Info.plist */ = {isa = PBXFileReference; lastKnownFileType = text.plist.xml; path = Info.plist; sourceTree = "<group>"; };
		CF3ABD1C24B0C2E600E758D6 /* DataSwift-API-TestTests.xctest */ = {isa = PBXFileReference; explicitFileType = wrapper.cfbundle; includeInIndex = 0; path = "DataSwift-API-TestTests.xctest"; sourceTree = BUILT_PRODUCTS_DIR; };
		CF3ABD2224B0C2E600E758D6 /* Info.plist */ = {isa = PBXFileReference; lastKnownFileType = text.plist.xml; path = Info.plist; sourceTree = "<group>"; };
		CF3ABD2B24B0C36B00E758D6 /* Request.swift */ = {isa = PBXFileReference; lastKnownFileType = sourcecode.swift; path = Request.swift; sourceTree = "<group>"; };
		CF3ABD2D24B0C54D00E758D6 /* WebService.swift */ = {isa = PBXFileReference; lastKnownFileType = sourcecode.swift; path = WebService.swift; sourceTree = "<group>"; };
		CF3ABD2F24B0C8D700E758D6 /* RequestService.swift */ = {isa = PBXFileReference; lastKnownFileType = sourcecode.swift; path = RequestService.swift; sourceTree = "<group>"; };
		CF3ABD3224B0D18C00E758D6 /* ImageSearchResponse.swift */ = {isa = PBXFileReference; lastKnownFileType = sourcecode.swift; path = ImageSearchResponse.swift; sourceTree = "<group>"; };
		CF3ABD3524B0D89300E758D6 /* ImageSearchViewModel.swift */ = {isa = PBXFileReference; lastKnownFileType = sourcecode.swift; path = ImageSearchViewModel.swift; sourceTree = "<group>"; };
		CF3ABD3724B0D94100E758D6 /* ImageSearchRequest.swift */ = {isa = PBXFileReference; lastKnownFileType = sourcecode.swift; path = ImageSearchRequest.swift; sourceTree = "<group>"; };
		CF3ABD3924B0DFD500E758D6 /* NASARequestServiceTests.swift */ = {isa = PBXFileReference; lastKnownFileType = sourcecode.swift; path = NASARequestServiceTests.swift; sourceTree = "<group>"; };
		CF3ABD3B24B0E07100E758D6 /* DummyWebService.swift */ = {isa = PBXFileReference; lastKnownFileType = sourcecode.swift; path = DummyWebService.swift; sourceTree = "<group>"; };
		CF3ABD3D24B1C95400E758D6 /* DummyRequestService.swift */ = {isa = PBXFileReference; lastKnownFileType = sourcecode.swift; path = DummyRequestService.swift; sourceTree = "<group>"; };
		CF3ABD3F24B1CCE800E758D6 /* example.json */ = {isa = PBXFileReference; fileEncoding = 4; lastKnownFileType = text.json; path = example.json; sourceTree = "<group>"; };
		CF3ABD4124B1CDA500E758D6 /* ImageSearchViewModelTests.swift */ = {isa = PBXFileReference; lastKnownFileType = sourcecode.swift; path = ImageSearchViewModelTests.swift; sourceTree = "<group>"; };
		CF3ABD4324B1D1D200E758D6 /* SearchResultViewModel.swift */ = {isa = PBXFileReference; lastKnownFileType = sourcecode.swift; path = SearchResultViewModel.swift; sourceTree = "<group>"; };
		CF3ABD4624B1DE7600E758D6 /* SearchViewController.swift */ = {isa = PBXFileReference; lastKnownFileType = sourcecode.swift; path = SearchViewController.swift; sourceTree = "<group>"; };
		CF3ABD4C24B1E0A800E758D6 /* SearchResultTableViewCell.swift */ = {isa = PBXFileReference; lastKnownFileType = sourcecode.swift; path = SearchResultTableViewCell.swift; sourceTree = "<group>"; };
		CF3ABD4D24B1E0A800E758D6 /* SearchResultTableViewCell.xib */ = {isa = PBXFileReference; lastKnownFileType = file.xib; path = SearchResultTableViewCell.xib; sourceTree = "<group>"; };
		CF3ABD5124B201CF00E758D6 /* ImageService.swift */ = {isa = PBXFileReference; lastKnownFileType = sourcecode.swift; path = ImageService.swift; sourceTree = "<group>"; };
		CF3ABD5324B2030D00E758D6 /* WebImageServiceTests.swift */ = {isa = PBXFileReference; lastKnownFileType = sourcecode.swift; path = WebImageServiceTests.swift; sourceTree = "<group>"; };
		CF3ABD5524B2069100E758D6 /* icons8-thick-arrow-pointing-down-30.png */ = {isa = PBXFileReference; lastKnownFileType = image.png; path = "icons8-thick-arrow-pointing-down-30.png"; sourceTree = "<group>"; };
		CF3ABD5724B2158100E758D6 /* NoResultsTableViewCell.swift */ = {isa = PBXFileReference; lastKnownFileType = sourcecode.swift; path = NoResultsTableViewCell.swift; sourceTree = "<group>"; };
		CF3ABD5824B2158100E758D6 /* NoResultsTableViewCell.xib */ = {isa = PBXFileReference; lastKnownFileType = file.xib; path = NoResultsTableViewCell.xib; sourceTree = "<group>"; };
		CF3ABD5B24B2172100E758D6 /* ServiceFactory.swift */ = {isa = PBXFileReference; lastKnownFileType = sourcecode.swift; path = ServiceFactory.swift; sourceTree = "<group>"; };
		CF3ABD5D24B21E8700E758D6 /* UITableViewCell+identifiers.swift */ = {isa = PBXFileReference; lastKnownFileType = sourcecode.swift; path = "UITableViewCell+identifiers.swift"; sourceTree = "<group>"; };
		CF3ABD5F24B232E700E758D6 /* SearchResultsPersistenceManager.swift */ = {isa = PBXFileReference; lastKnownFileType = sourcecode.swift; path = SearchResultsPersistenceManager.swift; sourceTree = "<group>"; };
/* End PBXFileReference section */

/* Begin PBXFrameworksBuildPhase section */
		CF3ABD0324B0C2E400E758D6 /* Frameworks */ = {
			isa = PBXFrameworksBuildPhase;
			buildActionMask = 2147483647;
			files = (
			);
			runOnlyForDeploymentPostprocessing = 0;
		};
		CF3ABD1924B0C2E600E758D6 /* Frameworks */ = {
			isa = PBXFrameworksBuildPhase;
			buildActionMask = 2147483647;
			files = (
			);
			runOnlyForDeploymentPostprocessing = 0;
		};
/* End PBXFrameworksBuildPhase section */

/* Begin PBXGroup section */
		CF3ABCFD24B0C2E400E758D6 = {
			isa = PBXGroup;
			children = (
				CF3ABD0824B0C2E400E758D6 /* DataSwift-API-Test */,
				CF3ABD1F24B0C2E600E758D6 /* DataSwift-API-TestTests */,
				CF3ABD0724B0C2E400E758D6 /* Products */,
			);
			sourceTree = "<group>";
		};
		CF3ABD0724B0C2E400E758D6 /* Products */ = {
			isa = PBXGroup;
			children = (
				CF3ABD0624B0C2E400E758D6 /* DataSwift-API-Test.app */,
				CF3ABD1C24B0C2E600E758D6 /* DataSwift-API-TestTests.xctest */,
			);
			name = Products;
			sourceTree = "<group>";
		};
		CF3ABD0824B0C2E400E758D6 /* DataSwift-API-Test */ = {
			isa = PBXGroup;
			children = (
				CF3ABD5024B201BF00E758D6 /* Services */,
				CF3ABD4524B1DCAF00E758D6 /* View */,
				CF3ABD3424B0D87C00E758D6 /* ViewModel */,
				CF3ABD3124B0CE6000E758D6 /* Model */,
				CF3ABD0924B0C2E400E758D6 /* AppDelegate.swift */,
				CF3ABD0B24B0C2E400E758D6 /* SceneDelegate.swift */,
				CF3ABD0F24B0C2E400E758D6 /* Main.storyboard */,
				CF3ABD1224B0C2E600E758D6 /* Assets.xcassets */,
				CF3ABD1424B0C2E600E758D6 /* LaunchScreen.storyboard */,
				CF3ABD1724B0C2E600E758D6 /* Info.plist */,
			);
			path = "DataSwift-API-Test";
			sourceTree = "<group>";
		};
		CF3ABD1F24B0C2E600E758D6 /* DataSwift-API-TestTests */ = {
			isa = PBXGroup;
			children = (
				CF3ABD2224B0C2E600E758D6 /* Info.plist */,
				CF3ABD3924B0DFD500E758D6 /* NASARequestServiceTests.swift */,
				CF3ABD3B24B0E07100E758D6 /* DummyWebService.swift */,
				CF3ABD3D24B1C95400E758D6 /* DummyRequestService.swift */,
				CF3ABD3F24B1CCE800E758D6 /* example.json */,
				CF3ABD4124B1CDA500E758D6 /* ImageSearchViewModelTests.swift */,
				CF3ABD5324B2030D00E758D6 /* WebImageServiceTests.swift */,
				CF3ABD5524B2069100E758D6 /* icons8-thick-arrow-pointing-down-30.png */,
			);
			path = "DataSwift-API-TestTests";
			sourceTree = "<group>";
		};
		CF3ABD3124B0CE6000E758D6 /* Model */ = {
			isa = PBXGroup;
			children = (
				CF3ABD3224B0D18C00E758D6 /* ImageSearchResponse.swift */,
			);
			path = Model;
			sourceTree = "<group>";
		};
		CF3ABD3424B0D87C00E758D6 /* ViewModel */ = {
			isa = PBXGroup;
			children = (
				CF3ABD3524B0D89300E758D6 /* ImageSearchViewModel.swift */,
				CF3ABD4324B1D1D200E758D6 /* SearchResultViewModel.swift */,
			);
			path = ViewModel;
			sourceTree = "<group>";
		};
		CF3ABD4524B1DCAF00E758D6 /* View */ = {
			isa = PBXGroup;
			children = (
				CF3ABD4624B1DE7600E758D6 /* SearchViewController.swift */,
				CF3ABD4C24B1E0A800E758D6 /* SearchResultTableViewCell.swift */,
				CF3ABD4D24B1E0A800E758D6 /* SearchResultTableViewCell.xib */,
				CF3ABD5724B2158100E758D6 /* NoResultsTableViewCell.swift */,
				CF3ABD5824B2158100E758D6 /* NoResultsTableViewCell.xib */,
				CF3ABD5D24B21E8700E758D6 /* UITableViewCell+identifiers.swift */,
			);
			path = View;
			sourceTree = "<group>";
		};
		CF3ABD5024B201BF00E758D6 /* Services */ = {
			isa = PBXGroup;
			children = (
				CF3ABD2B24B0C36B00E758D6 /* Request.swift */,
				CF3ABD2F24B0C8D700E758D6 /* RequestService.swift */,
				CF3ABD2D24B0C54D00E758D6 /* WebService.swift */,
				CF3ABD3724B0D94100E758D6 /* ImageSearchRequest.swift */,
				CF3ABD5124B201CF00E758D6 /* ImageService.swift */,
				CF3ABD5B24B2172100E758D6 /* ServiceFactory.swift */,
				CF3ABD5F24B232E700E758D6 /* SearchResultsPersistenceManager.swift */,
			);
			path = Services;
			sourceTree = "<group>";
		};
/* End PBXGroup section */

/* Begin PBXNativeTarget section */
		CF3ABD0524B0C2E400E758D6 /* DataSwift-API-Test */ = {
			isa = PBXNativeTarget;
			buildConfigurationList = CF3ABD2524B0C2E600E758D6 /* Build configuration list for PBXNativeTarget "DataSwift-API-Test" */;
			buildPhases = (
				CF3ABD0224B0C2E400E758D6 /* Sources */,
				CF3ABD0324B0C2E400E758D6 /* Frameworks */,
				CF3ABD0424B0C2E400E758D6 /* Resources */,
			);
			buildRules = (
			);
			dependencies = (
			);
			name = "DataSwift-API-Test";
			productName = "DataSwift-API-Test";
			productReference = CF3ABD0624B0C2E400E758D6 /* DataSwift-API-Test.app */;
			productType = "com.apple.product-type.application";
		};
		CF3ABD1B24B0C2E600E758D6 /* DataSwift-API-TestTests */ = {
			isa = PBXNativeTarget;
			buildConfigurationList = CF3ABD2824B0C2E600E758D6 /* Build configuration list for PBXNativeTarget "DataSwift-API-TestTests" */;
			buildPhases = (
				CF3ABD1824B0C2E600E758D6 /* Sources */,
				CF3ABD1924B0C2E600E758D6 /* Frameworks */,
				CF3ABD1A24B0C2E600E758D6 /* Resources */,
			);
			buildRules = (
			);
			dependencies = (
				CF3ABD1E24B0C2E600E758D6 /* PBXTargetDependency */,
			);
			name = "DataSwift-API-TestTests";
			productName = "DataSwift-API-TestTests";
			productReference = CF3ABD1C24B0C2E600E758D6 /* DataSwift-API-TestTests.xctest */;
			productType = "com.apple.product-type.bundle.unit-test";
		};
/* End PBXNativeTarget section */

/* Begin PBXProject section */
		CF3ABCFE24B0C2E400E758D6 /* Project object */ = {
			isa = PBXProject;
			attributes = {
				LastSwiftUpdateCheck = 1150;
				LastUpgradeCheck = 1150;
				ORGANIZATIONNAME = DataSwift;
				TargetAttributes = {
					CF3ABD0524B0C2E400E758D6 = {
						CreatedOnToolsVersion = 11.5;
					};
					CF3ABD1B24B0C2E600E758D6 = {
						CreatedOnToolsVersion = 11.5;
						TestTargetID = CF3ABD0524B0C2E400E758D6;
					};
				};
			};
			buildConfigurationList = CF3ABD0124B0C2E400E758D6 /* Build configuration list for PBXProject "DataSwift-API-Test" */;
			compatibilityVersion = "Xcode 9.3";
			developmentRegion = en;
			hasScannedForEncodings = 0;
			knownRegions = (
				en,
				Base,
			);
			mainGroup = CF3ABCFD24B0C2E400E758D6;
			productRefGroup = CF3ABD0724B0C2E400E758D6 /* Products */;
			projectDirPath = "";
			projectRoot = "";
			targets = (
				CF3ABD0524B0C2E400E758D6 /* DataSwift-API-Test */,
				CF3ABD1B24B0C2E600E758D6 /* DataSwift-API-TestTests */,
			);
		};
/* End PBXProject section */

/* Begin PBXResourcesBuildPhase section */
		CF3ABD0424B0C2E400E758D6 /* Resources */ = {
			isa = PBXResourcesBuildPhase;
			buildActionMask = 2147483647;
			files = (
				CF3ABD1624B0C2E600E758D6 /* LaunchScreen.storyboard in Resources */,
				CF3ABD1324B0C2E600E758D6 /* Assets.xcassets in Resources */,
				CF3ABD5A24B2158100E758D6 /* NoResultsTableViewCell.xib in Resources */,
				CF3ABD4F24B1E0A800E758D6 /* SearchResultTableViewCell.xib in Resources */,
				CF3ABD1124B0C2E400E758D6 /* Main.storyboard in Resources */,
			);
			runOnlyForDeploymentPostprocessing = 0;
		};
		CF3ABD1A24B0C2E600E758D6 /* Resources */ = {
			isa = PBXResourcesBuildPhase;
			buildActionMask = 2147483647;
			files = (
				CF3ABD5624B2069100E758D6 /* icons8-thick-arrow-pointing-down-30.png in Resources */,
				CF3ABD4024B1CCE800E758D6 /* example.json in Resources */,
			);
			runOnlyForDeploymentPostprocessing = 0;
		};
/* End PBXResourcesBuildPhase section */

/* Begin PBXSourcesBuildPhase section */
		CF3ABD0224B0C2E400E758D6 /* Sources */ = {
			isa = PBXSourcesBuildPhase;
			buildActionMask = 2147483647;
			files = (
				CF3ABD4724B1DE7600E758D6 /* SearchViewController.swift in Sources */,
				CF3ABD4E24B1E0A800E758D6 /* SearchResultTableViewCell.swift in Sources */,
				CF3ABD3024B0C8D700E758D6 /* RequestService.swift in Sources */,
				CF3ABD3824B0D94100E758D6 /* ImageSearchRequest.swift in Sources */,
				CF3ABD5C24B2172100E758D6 /* ServiceFactory.swift in Sources */,
				CF3ABD4424B1D1D200E758D6 /* SearchResultViewModel.swift in Sources */,
				CF3ABD3624B0D89300E758D6 /* ImageSearchViewModel.swift in Sources */,
				CF3ABD2C24B0C36B00E758D6 /* Request.swift in Sources */,
				CF3ABD6024B232E700E758D6 /* SearchResultsPersistenceManager.swift in Sources */,
				CF3ABD5224B201CF00E758D6 /* ImageService.swift in Sources */,
				CF3ABD5E24B21E8700E758D6 /* UITableViewCell+identifiers.swift in Sources */,
				CF3ABD0A24B0C2E400E758D6 /* AppDelegate.swift in Sources */,
				CF3ABD2E24B0C54D00E758D6 /* WebService.swift in Sources */,
				CF3ABD0C24B0C2E400E758D6 /* SceneDelegate.swift in Sources */,
				CF3ABD3324B0D18C00E758D6 /* ImageSearchResponse.swift in Sources */,
				CF3ABD5924B2158100E758D6 /* NoResultsTableViewCell.swift in Sources */,
			);
			runOnlyForDeploymentPostprocessing = 0;
		};
		CF3ABD1824B0C2E600E758D6 /* Sources */ = {
			isa = PBXSourcesBuildPhase;
			buildActionMask = 2147483647;
			files = (
				CF3ABD3C24B0E07100E758D6 /* DummyWebService.swift in Sources */,
				CF3ABD3E24B1C95400E758D6 /* DummyRequestService.swift in Sources */,
				CF3ABD4224B1CDA500E758D6 /* ImageSearchViewModelTests.swift in Sources */,
				CF3ABD5424B2030D00E758D6 /* WebImageServiceTests.swift in Sources */,
				CF3ABD3A24B0DFD500E758D6 /* NASARequestServiceTests.swift in Sources */,
			);
			runOnlyForDeploymentPostprocessing = 0;
		};
/* End PBXSourcesBuildPhase section */

/* Begin PBXTargetDependency section */
		CF3ABD1E24B0C2E600E758D6 /* PBXTargetDependency */ = {
			isa = PBXTargetDependency;
			target = CF3ABD0524B0C2E400E758D6 /* DataSwift-API-Test */;
			targetProxy = CF3ABD1D24B0C2E600E758D6 /* PBXContainerItemProxy */;
		};
/* End PBXTargetDependency section */

/* Begin PBXVariantGroup section */
		CF3ABD0F24B0C2E400E758D6 /* Main.storyboard */ = {
			isa = PBXVariantGroup;
			children = (
				CF3ABD1024B0C2E400E758D6 /* Base */,
			);
			name = Main.storyboard;
			sourceTree = "<group>";
		};
		CF3ABD1424B0C2E600E758D6 /* LaunchScreen.storyboard */ = {
			isa = PBXVariantGroup;
			children = (
				CF3ABD1524B0C2E600E758D6 /* Base */,
			);
			name = LaunchScreen.storyboard;
			sourceTree = "<group>";
		};
/* End PBXVariantGroup section */

/* Begin XCBuildConfiguration section */
		CF3ABD2324B0C2E600E758D6 /* Debug */ = {
			isa = XCBuildConfiguration;
			buildSettings = {
				ALWAYS_SEARCH_USER_PATHS = NO;
				CLANG_ANALYZER_NONNULL = YES;
				CLANG_ANALYZER_NUMBER_OBJECT_CONVERSION = YES_AGGRESSIVE;
				CLANG_CXX_LANGUAGE_STANDARD = "gnu++14";
				CLANG_CXX_LIBRARY = "libc++";
				CLANG_ENABLE_MODULES = YES;
				CLANG_ENABLE_OBJC_ARC = YES;
				CLANG_ENABLE_OBJC_WEAK = YES;
				CLANG_WARN_BLOCK_CAPTURE_AUTORELEASING = YES;
				CLANG_WARN_BOOL_CONVERSION = YES;
				CLANG_WARN_COMMA = YES;
				CLANG_WARN_CONSTANT_CONVERSION = YES;
				CLANG_WARN_DEPRECATED_OBJC_IMPLEMENTATIONS = YES;
				CLANG_WARN_DIRECT_OBJC_ISA_USAGE = YES_ERROR;
				CLANG_WARN_DOCUMENTATION_COMMENTS = YES;
				CLANG_WARN_EMPTY_BODY = YES;
				CLANG_WARN_ENUM_CONVERSION = YES;
				CLANG_WARN_INFINITE_RECURSION = YES;
				CLANG_WARN_INT_CONVERSION = YES;
				CLANG_WARN_NON_LITERAL_NULL_CONVERSION = YES;
				CLANG_WARN_OBJC_IMPLICIT_RETAIN_SELF = YES;
				CLANG_WARN_OBJC_LITERAL_CONVERSION = YES;
				CLANG_WARN_OBJC_ROOT_CLASS = YES_ERROR;
				CLANG_WARN_RANGE_LOOP_ANALYSIS = YES;
				CLANG_WARN_STRICT_PROTOTYPES = YES;
				CLANG_WARN_SUSPICIOUS_MOVE = YES;
				CLANG_WARN_UNGUARDED_AVAILABILITY = YES_AGGRESSIVE;
				CLANG_WARN_UNREACHABLE_CODE = YES;
				CLANG_WARN__DUPLICATE_METHOD_MATCH = YES;
				COPY_PHASE_STRIP = NO;
				DEBUG_INFORMATION_FORMAT = dwarf;
				ENABLE_STRICT_OBJC_MSGSEND = YES;
				ENABLE_TESTABILITY = YES;
				GCC_C_LANGUAGE_STANDARD = gnu11;
				GCC_DYNAMIC_NO_PIC = NO;
				GCC_NO_COMMON_BLOCKS = YES;
				GCC_OPTIMIZATION_LEVEL = 0;
				GCC_PREPROCESSOR_DEFINITIONS = (
					"DEBUG=1",
					"$(inherited)",
				);
				GCC_WARN_64_TO_32_BIT_CONVERSION = YES;
				GCC_WARN_ABOUT_RETURN_TYPE = YES_ERROR;
				GCC_WARN_UNDECLARED_SELECTOR = YES;
				GCC_WARN_UNINITIALIZED_AUTOS = YES_AGGRESSIVE;
				GCC_WARN_UNUSED_FUNCTION = YES;
				GCC_WARN_UNUSED_VARIABLE = YES;
				IPHONEOS_DEPLOYMENT_TARGET = 13.5;
				MTL_ENABLE_DEBUG_INFO = INCLUDE_SOURCE;
				MTL_FAST_MATH = YES;
				ONLY_ACTIVE_ARCH = YES;
				SDKROOT = iphoneos;
				SWIFT_ACTIVE_COMPILATION_CONDITIONS = DEBUG;
				SWIFT_OPTIMIZATION_LEVEL = "-Onone";
			};
			name = Debug;
		};
		CF3ABD2424B0C2E600E758D6 /* Release */ = {
			isa = XCBuildConfiguration;
			buildSettings = {
				ALWAYS_SEARCH_USER_PATHS = NO;
				CLANG_ANALYZER_NONNULL = YES;
				CLANG_ANALYZER_NUMBER_OBJECT_CONVERSION = YES_AGGRESSIVE;
				CLANG_CXX_LANGUAGE_STANDARD = "gnu++14";
				CLANG_CXX_LIBRARY = "libc++";
				CLANG_ENABLE_MODULES = YES;
				CLANG_ENABLE_OBJC_ARC = YES;
				CLANG_ENABLE_OBJC_WEAK = YES;
				CLANG_WARN_BLOCK_CAPTURE_AUTORELEASING = YES;
				CLANG_WARN_BOOL_CONVERSION = YES;
				CLANG_WARN_COMMA = YES;
				CLANG_WARN_CONSTANT_CONVERSION = YES;
				CLANG_WARN_DEPRECATED_OBJC_IMPLEMENTATIONS = YES;
				CLANG_WARN_DIRECT_OBJC_ISA_USAGE = YES_ERROR;
				CLANG_WARN_DOCUMENTATION_COMMENTS = YES;
				CLANG_WARN_EMPTY_BODY = YES;
				CLANG_WARN_ENUM_CONVERSION = YES;
				CLANG_WARN_INFINITE_RECURSION = YES;
				CLANG_WARN_INT_CONVERSION = YES;
				CLANG_WARN_NON_LITERAL_NULL_CONVERSION = YES;
				CLANG_WARN_OBJC_IMPLICIT_RETAIN_SELF = YES;
				CLANG_WARN_OBJC_LITERAL_CONVERSION = YES;
				CLANG_WARN_OBJC_ROOT_CLASS = YES_ERROR;
				CLANG_WARN_RANGE_LOOP_ANALYSIS = YES;
				CLANG_WARN_STRICT_PROTOTYPES = YES;
				CLANG_WARN_SUSPICIOUS_MOVE = YES;
				CLANG_WARN_UNGUARDED_AVAILABILITY = YES_AGGRESSIVE;
				CLANG_WARN_UNREACHABLE_CODE = YES;
				CLANG_WARN__DUPLICATE_METHOD_MATCH = YES;
				COPY_PHASE_STRIP = NO;
				DEBUG_INFORMATION_FORMAT = "dwarf-with-dsym";
				ENABLE_NS_ASSERTIONS = NO;
				ENABLE_STRICT_OBJC_MSGSEND = YES;
				GCC_C_LANGUAGE_STANDARD = gnu11;
				GCC_NO_COMMON_BLOCKS = YES;
				GCC_WARN_64_TO_32_BIT_CONVERSION = YES;
				GCC_WARN_ABOUT_RETURN_TYPE = YES_ERROR;
				GCC_WARN_UNDECLARED_SELECTOR = YES;
				GCC_WARN_UNINITIALIZED_AUTOS = YES_AGGRESSIVE;
				GCC_WARN_UNUSED_FUNCTION = YES;
				GCC_WARN_UNUSED_VARIABLE = YES;
				IPHONEOS_DEPLOYMENT_TARGET = 13.5;
				MTL_ENABLE_DEBUG_INFO = NO;
				MTL_FAST_MATH = YES;
				SDKROOT = iphoneos;
				SWIFT_COMPILATION_MODE = wholemodule;
				SWIFT_OPTIMIZATION_LEVEL = "-O";
				VALIDATE_PRODUCT = YES;
			};
			name = Release;
		};
		CF3ABD2624B0C2E600E758D6 /* Debug */ = {
			isa = XCBuildConfiguration;
			buildSettings = {
				ASSETCATALOG_COMPILER_APPICON_NAME = AppIcon;
				CODE_SIGN_STYLE = Automatic;
				DEVELOPMENT_TEAM = 6MP6M4UG3A;
				INFOPLIST_FILE = "DataSwift-API-Test/Info.plist";
				LD_RUNPATH_SEARCH_PATHS = (
					"$(inherited)",
					"@executable_path/Frameworks",
				);
				PRODUCT_BUNDLE_IDENTIFIER = "com.simon-chetwood.DataSwift-API-Test";
				PRODUCT_NAME = "$(TARGET_NAME)";
				SWIFT_VERSION = 5.0;
				TARGETED_DEVICE_FAMILY = "1,2";
			};
			name = Debug;
		};
		CF3ABD2724B0C2E600E758D6 /* Release */ = {
			isa = XCBuildConfiguration;
			buildSettings = {
				ASSETCATALOG_COMPILER_APPICON_NAME = AppIcon;
				CODE_SIGN_STYLE = Automatic;
				DEVELOPMENT_TEAM = 6MP6M4UG3A;
				INFOPLIST_FILE = "DataSwift-API-Test/Info.plist";
				LD_RUNPATH_SEARCH_PATHS = (
					"$(inherited)",
					"@executable_path/Frameworks",
				);
				PRODUCT_BUNDLE_IDENTIFIER = "com.simon-chetwood.DataSwift-API-Test";
				PRODUCT_NAME = "$(TARGET_NAME)";
				SWIFT_VERSION = 5.0;
				TARGETED_DEVICE_FAMILY = "1,2";
			};
			name = Release;
		};
		CF3ABD2924B0C2E600E758D6 /* Debug */ = {
			isa = XCBuildConfiguration;
			buildSettings = {
				ALWAYS_EMBED_SWIFT_STANDARD_LIBRARIES = YES;
				BUNDLE_LOADER = "$(TEST_HOST)";
				CODE_SIGN_STYLE = Automatic;
				DEVELOPMENT_TEAM = 6MP6M4UG3A;
				INFOPLIST_FILE = "DataSwift-API-TestTests/Info.plist";
				IPHONEOS_DEPLOYMENT_TARGET = 13.5;
				LD_RUNPATH_SEARCH_PATHS = (
					"$(inherited)",
					"@executable_path/Frameworks",
					"@loader_path/Frameworks",
				);
				PRODUCT_BUNDLE_IDENTIFIER = "com.simon-chetwood.DataSwift-API-TestTests";
				PRODUCT_NAME = "$(TARGET_NAME)";
				SWIFT_VERSION = 5.0;
				TARGETED_DEVICE_FAMILY = "1,2";
				TEST_HOST = "$(BUILT_PRODUCTS_DIR)/DataSwift-API-Test.app/DataSwift-API-Test";
			};
			name = Debug;
		};
		CF3ABD2A24B0C2E600E758D6 /* Release */ = {
			isa = XCBuildConfiguration;
			buildSettings = {
				ALWAYS_EMBED_SWIFT_STANDARD_LIBRARIES = YES;
				BUNDLE_LOADER = "$(TEST_HOST)";
				CODE_SIGN_STYLE = Automatic;
				DEVELOPMENT_TEAM = 6MP6M4UG3A;
				INFOPLIST_FILE = "DataSwift-API-TestTests/Info.plist";
				IPHONEOS_DEPLOYMENT_TARGET = 13.5;
				LD_RUNPATH_SEARCH_PATHS = (
					"$(inherited)",
					"@executable_path/Frameworks",
					"@loader_path/Frameworks",
				);
				PRODUCT_BUNDLE_IDENTIFIER = "com.simon-chetwood.DataSwift-API-TestTests";
				PRODUCT_NAME = "$(TARGET_NAME)";
				SWIFT_VERSION = 5.0;
				TARGETED_DEVICE_FAMILY = "1,2";
				TEST_HOST = "$(BUILT_PRODUCTS_DIR)/DataSwift-API-Test.app/DataSwift-API-Test";
			};
			name = Release;
		};
/* End XCBuildConfiguration section */

/* Begin XCConfigurationList section */
		CF3ABD0124B0C2E400E758D6 /* Build configuration list for PBXProject "DataSwift-API-Test" */ = {
			isa = XCConfigurationList;
			buildConfigurations = (
				CF3ABD2324B0C2E600E758D6 /* Debug */,
				CF3ABD2424B0C2E600E758D6 /* Release */,
			);
			defaultConfigurationIsVisible = 0;
			defaultConfigurationName = Release;
		};
		CF3ABD2524B0C2E600E758D6 /* Build configuration list for PBXNativeTarget "DataSwift-API-Test" */ = {
			isa = XCConfigurationList;
			buildConfigurations = (
				CF3ABD2624B0C2E600E758D6 /* Debug */,
				CF3ABD2724B0C2E600E758D6 /* Release */,
			);
			defaultConfigurationIsVisible = 0;
			defaultConfigurationName = Release;
		};
		CF3ABD2824B0C2E600E758D6 /* Build configuration list for PBXNativeTarget "DataSwift-API-TestTests" */ = {
			isa = XCConfigurationList;
			buildConfigurations = (
				CF3ABD2924B0C2E600E758D6 /* Debug */,
				CF3ABD2A24B0C2E600E758D6 /* Release */,
			);
			defaultConfigurationIsVisible = 0;
			defaultConfigurationName = Release;
		};
/* End XCConfigurationList section */
	};
	rootObject = CF3ABCFE24B0C2E400E758D6 /* Project object */;
}
